
Microsoft Visual Studio Solution File, Format Version 12.00
# Visual Studio Version 17
VisualStudioVersion = 17.1.32319.34
MinimumVisualStudioVersion = 10.0.40219.1
Project("{9A19103F-16F7-4668-BE54-9A1E7A4F7556}") = "BrqDigitalSolutions", "brq\BrqDigitalSolutions.csproj", "{3E0D8EAE-4EC5-4A1D-B859-896810072249}"
EndProject
Project("{9A19103F-16F7-4668-BE54-9A1E7A4F7556}") = "DataProvider", "DataProvider\DataProvider.csproj", "{69E91000-DB03-44A3-B7FB-F9503F61543A}"
EndProject
Project("{9A19103F-16F7-4668-BE54-9A1E7A4F7556}") = "Migrations", "Migrations\Migrations.csproj", "{A848A559-56FA-4C4F-B37B-09080445156B}"
EndProject
Global
	GlobalSection(SolutionConfigurationPlatforms) = preSolution
		Debug|Any CPU = Debug|Any CPU
		Release|Any CPU = Release|Any CPU
	EndGlobalSection
	GlobalSection(ProjectConfigurationPlatforms) = postSolution
		{3E0D8EAE-4EC5-4A1D-B859-896810072249}.Debug|Any CPU.ActiveCfg = Debug|Any CPU
		{3E0D8EAE-4EC5-4A1D-B859-896810072249}.Debug|Any CPU.Build.0 = Debug|Any CPU
		{3E0D8EAE-4EC5-4A1D-B859-896810072249}.Release|Any CPU.ActiveCfg = Release|Any CPU
		{3E0D8EAE-4EC5-4A1D-B859-896810072249}.Release|Any CPU.Build.0 = Release|Any CPU
		{69E91000-DB03-44A3-B7FB-F9503F61543A}.Debug|Any CPU.ActiveCfg = Debug|Any CPU
		{69E91000-DB03-44A3-B7FB-F9503F61543A}.Debug|Any CPU.Build.0 = Debug|Any CPU
		{69E91000-DB03-44A3-B7FB-F9503F61543A}.Release|Any CPU.ActiveCfg = Release|Any CPU
		{69E91000-DB03-44A3-B7FB-F9503F61543A}.Release|Any CPU.Build.0 = Release|Any CPU
		{A848A559-56FA-4C4F-B37B-09080445156B}.Debug|Any CPU.ActiveCfg = Debug|Any CPU
		{A848A559-56FA-4C4F-B37B-09080445156B}.Debug|Any CPU.Build.0 = Debug|Any CPU
		{A848A559-56FA-4C4F-B37B-09080445156B}.Release|Any CPU.ActiveCfg = Release|Any CPU
		{A848A559-56FA-4C4F-B37B-09080445156B}.Release|Any CPU.Build.0 = Release|Any CPU
	EndGlobalSection
	GlobalSection(SolutionProperties) = preSolution
		HideSolutionNode = FALSE
	EndGlobalSection
	GlobalSection(ExtensibilityGlobals) = postSolution
		SolutionGuid = {DEEC766D-F420-44B4-921E-C885EB6D7947}
	EndGlobalSection
EndGlobal
