
Microsoft Visual Studio Solution File, Format Version 12.00
# Visual Studio Version 17
VisualStudioVersion = 17.1.32319.34
MinimumVisualStudioVersion = 10.0.40219.1
Project("{9A19103F-16F7-4668-BE54-9A1E7A4F7556}") = "BrqDigitalSolutions", "brq\BrqDigitalSolutions.csproj", "{3E0D8EAE-4EC5-4A1D-B859-896810072249}"
EndProject
Project("{9A19103F-16F7-4668-BE54-9A1E7A4F7556}") = "DataProvider", "DataProvider\DataProvider.csproj", "{69E91000-DB03-44A3-B7FB-F9503F61543A}"
EndProject
Project("{9A19103F-16F7-4668-BE54-9A1E7A4F7556}") = "Application", "Application\Application.csproj", "{6CC20355-5885-4C78-A968-9BDBCDE90556}"
EndProject
Project("{9A19103F-16F7-4668-BE54-9A1E7A4F7556}") = "UnitTests", "UnitTests\UnitTests.csproj", "{87CAF1C8-D4EB-4A30-87F9-033D4D0A6DEE}"
EndProject
Project("{9A19103F-16F7-4668-BE54-9A1E7A4F7556}") = "IntegrationTests", "IntegrationTests\IntegrationTests.csproj", "{368130EC-72FD-4EF1-9C00-2DD92A64E45A}"
EndProject
Global
	GlobalSection(SolutionConfigurationPlatforms) = preSolution
		Debug|Any CPU = Debug|Any CPU
		Release|Any CPU = Release|Any CPU
	EndGlobalSection
	GlobalSection(ProjectConfigurationPlatforms) = postSolution
		{3E0D8EAE-4EC5-4A1D-B859-896810072249}.Debug|Any CPU.ActiveCfg = Debug|Any CPU
		{3E0D8EAE-4EC5-4A1D-B859-896810072249}.Debug|Any CPU.Build.0 = Debug|Any CPU
		{3E0D8EAE-4EC5-4A1D-B859-896810072249}.Release|Any CPU.ActiveCfg = Release|Any CPU
		{3E0D8EAE-4EC5-4A1D-B859-896810072249}.Release|Any CPU.Build.0 = Release|Any CPU
		{69E91000-DB03-44A3-B7FB-F9503F61543A}.Debug|Any CPU.ActiveCfg = Debug|Any CPU
		{69E91000-DB03-44A3-B7FB-F9503F61543A}.Debug|Any CPU.Build.0 = Debug|Any CPU
		{69E91000-DB03-44A3-B7FB-F9503F61543A}.Release|Any CPU.ActiveCfg = Release|Any CPU
		{69E91000-DB03-44A3-B7FB-F9503F61543A}.Release|Any CPU.Build.0 = Release|Any CPU
		{6CC20355-5885-4C78-A968-9BDBCDE90556}.Debug|Any CPU.ActiveCfg = Debug|Any CPU
		{6CC20355-5885-4C78-A968-9BDBCDE90556}.Debug|Any CPU.Build.0 = Debug|Any CPU
		{6CC20355-5885-4C78-A968-9BDBCDE90556}.Release|Any CPU.ActiveCfg = Release|Any CPU
		{6CC20355-5885-4C78-A968-9BDBCDE90556}.Release|Any CPU.Build.0 = Release|Any CPU
		{87CAF1C8-D4EB-4A30-87F9-033D4D0A6DEE}.Debug|Any CPU.ActiveCfg = Debug|Any CPU
		{87CAF1C8-D4EB-4A30-87F9-033D4D0A6DEE}.Debug|Any CPU.Build.0 = Debug|Any CPU
		{87CAF1C8-D4EB-4A30-87F9-033D4D0A6DEE}.Release|Any CPU.ActiveCfg = Release|Any CPU
		{87CAF1C8-D4EB-4A30-87F9-033D4D0A6DEE}.Release|Any CPU.Build.0 = Release|Any CPU
		{368130EC-72FD-4EF1-9C00-2DD92A64E45A}.Debug|Any CPU.ActiveCfg = Debug|Any CPU
		{368130EC-72FD-4EF1-9C00-2DD92A64E45A}.Debug|Any CPU.Build.0 = Debug|Any CPU
		{368130EC-72FD-4EF1-9C00-2DD92A64E45A}.Release|Any CPU.ActiveCfg = Release|Any CPU
		{368130EC-72FD-4EF1-9C00-2DD92A64E45A}.Release|Any CPU.Build.0 = Release|Any CPU
	EndGlobalSection
	GlobalSection(SolutionProperties) = preSolution
		HideSolutionNode = FALSE
	EndGlobalSection
	GlobalSection(ExtensibilityGlobals) = postSolution
		SolutionGuid = {DEEC766D-F420-44B4-921E-C885EB6D7947}
	EndGlobalSection
EndGlobal
